{
  "name": "private-capture-md",
  "version": "0.1.0",
  "lockfileVersion": 3,
  "requires": true,
  "packages": {
    "": {
      "name": "private-capture-md",
      "version": "0.1.0",
      "license": "MIT",
      "author": "Shivani Gupta",
      "bin": {
        "private-capture": "src/cli/main.ts"
      },
      "engines": {
        "node": ">=24.12.0"
      }
    }
  }
}
